
Microsoft Visual Studio Solution File, Format Version 12.00
# Visual Studio Version 17
VisualStudioVersion = 17.0.32014.148
MinimumVisualStudioVersion = 10.0.40219.1
Project("{9A19103F-16F7-4668-BE54-9A1E7A4F7556}") = "GroupLite.WebApi", "GroupLite.WebApi\GroupLite.WebApi.csproj", "{1F512439-B59A-4570-86BA-B6FBC4F7C853}"
EndProject
Project("{9A19103F-16F7-4668-BE54-9A1E7A4F7556}") = "GroupLite.Data", "GroupLite.Data\GroupLite.Data.csproj", "{6FAD0956-0E6B-4340-AAD6-CC6308DC72F7}"
EndProject
Project("{9A19103F-16F7-4668-BE54-9A1E7A4F7556}") = "GroupLite.Entities", "GroupLite.Entities\GroupLite.Entities.csproj", "{A90D2033-C2B4-4A30-B064-1487D2AA4986}"
EndProject
Project("{FAE04EC0-301F-11D3-BF4B-00C04F79EFBC}") = "GroupLite.Models", "GroupLite.Models\GroupLite.Models.csproj", "{CCAE6A1C-4B14-4F00-B200-6F662F6EC269}"
EndProject
Project("{FAE04EC0-301F-11D3-BF4B-00C04F79EFBC}") = "GroupLite.Handlers", "GroupLite.Handlers\GroupLite.Handlers.csproj", "{C3F17E94-703E-4789-943E-A90B3588AF57}"
EndProject
Project("{FAE04EC0-301F-11D3-BF4B-00C04F79EFBC}") = "GroupLite.Utilities", "GroupLite.Utilities\GroupLite.Utilities.csproj", "{20E97F7F-1157-42EE-B323-ECE3940B9374}"
EndProject
Global
	GlobalSection(SolutionConfigurationPlatforms) = preSolution
		Debug|Any CPU = Debug|Any CPU
		Release|Any CPU = Release|Any CPU
	EndGlobalSection
	GlobalSection(ProjectConfigurationPlatforms) = postSolution
		{1F512439-B59A-4570-86BA-B6FBC4F7C853}.Debug|Any CPU.ActiveCfg = Debug|Any CPU
		{1F512439-B59A-4570-86BA-B6FBC4F7C853}.Debug|Any CPU.Build.0 = Debug|Any CPU
		{1F512439-B59A-4570-86BA-B6FBC4F7C853}.Release|Any CPU.ActiveCfg = Release|Any CPU
		{1F512439-B59A-4570-86BA-B6FBC4F7C853}.Release|Any CPU.Build.0 = Release|Any CPU
		{6FAD0956-0E6B-4340-AAD6-CC6308DC72F7}.Debug|Any CPU.ActiveCfg = Debug|Any CPU
		{6FAD0956-0E6B-4340-AAD6-CC6308DC72F7}.Debug|Any CPU.Build.0 = Debug|Any CPU
		{6FAD0956-0E6B-4340-AAD6-CC6308DC72F7}.Release|Any CPU.ActiveCfg = Release|Any CPU
		{6FAD0956-0E6B-4340-AAD6-CC6308DC72F7}.Release|Any CPU.Build.0 = Release|Any CPU
		{A90D2033-C2B4-4A30-B064-1487D2AA4986}.Debug|Any CPU.ActiveCfg = Debug|Any CPU
		{A90D2033-C2B4-4A30-B064-1487D2AA4986}.Debug|Any CPU.Build.0 = Debug|Any CPU
		{A90D2033-C2B4-4A30-B064-1487D2AA4986}.Release|Any CPU.ActiveCfg = Release|Any CPU
		{A90D2033-C2B4-4A30-B064-1487D2AA4986}.Release|Any CPU.Build.0 = Release|Any CPU
		{CCAE6A1C-4B14-4F00-B200-6F662F6EC269}.Debug|Any CPU.ActiveCfg = Debug|Any CPU
		{CCAE6A1C-4B14-4F00-B200-6F662F6EC269}.Debug|Any CPU.Build.0 = Debug|Any CPU
		{CCAE6A1C-4B14-4F00-B200-6F662F6EC269}.Release|Any CPU.ActiveCfg = Release|Any CPU
		{CCAE6A1C-4B14-4F00-B200-6F662F6EC269}.Release|Any CPU.Build.0 = Release|Any CPU
		{C3F17E94-703E-4789-943E-A90B3588AF57}.Debug|Any CPU.ActiveCfg = Debug|Any CPU
		{C3F17E94-703E-4789-943E-A90B3588AF57}.Debug|Any CPU.Build.0 = Debug|Any CPU
		{C3F17E94-703E-4789-943E-A90B3588AF57}.Release|Any CPU.ActiveCfg = Release|Any CPU
		{C3F17E94-703E-4789-943E-A90B3588AF57}.Release|Any CPU.Build.0 = Release|Any CPU
		{20E97F7F-1157-42EE-B323-ECE3940B9374}.Debug|Any CPU.ActiveCfg = Debug|Any CPU
		{20E97F7F-1157-42EE-B323-ECE3940B9374}.Debug|Any CPU.Build.0 = Debug|Any CPU
		{20E97F7F-1157-42EE-B323-ECE3940B9374}.Release|Any CPU.ActiveCfg = Release|Any CPU
		{20E97F7F-1157-42EE-B323-ECE3940B9374}.Release|Any CPU.Build.0 = Release|Any CPU
	EndGlobalSection
	GlobalSection(SolutionProperties) = preSolution
		HideSolutionNode = FALSE
	EndGlobalSection
	GlobalSection(ExtensibilityGlobals) = postSolution
		SolutionGuid = {6727E2FD-D40E-4ED7-B02A-4877C477A0CB}
	EndGlobalSection
EndGlobal
